PODS:
  - Himotoki (3.0.0)
  - Marshal (1.0.0)
  - SwiftyJSON (3.1.1)

DEPENDENCIES:
  - Himotoki (= 3.0.0)
  - Marshal (= 1.0.0)
  - SwiftyJSON (= 3.1.1)

SPEC CHECKSUMS:
  Himotoki: df74b01035e86e021b7b04a15b033a7fd189b84f
  Marshal: a3c5c5dbd388112edf3cdabb718f2b4cfe48658a
  SwiftyJSON: f0be2e604f83e8405a624e9f891898bf6ed4e019

PODFILE CHECKSUM: 999fcdf021cb2b2e0badcd30b4c9fcfa076d73bc

COCOAPODS: 1.1.1
